
Microsoft Visual Studio Solution File, Format Version 12.00
# Visual Studio Version 17
VisualStudioVersion = 17.11.35312.102
MinimumVisualStudioVersion = 10.0.40219.1
Project("{FAE04EC0-301F-11D3-BF4B-00C04F79EFBC}") = "TestConditionalDependencyInjection", "TestConditionalDependencyInjection\TestConditionalDependencyInjection.csproj", "{9D9ACAFA-85D5-4223-8DF3-C523C97938E6}"
EndProject
Global
	GlobalSection(SolutionConfigurationPlatforms) = preSolution
		Debug|Any CPU = Debug|Any CPU
		Release|Any CPU = Release|Any CPU
	EndGlobalSection
	GlobalSection(ProjectConfigurationPlatforms) = postSolution
		{9D9ACAFA-85D5-4223-8DF3-C523C97938E6}.Debug|Any CPU.ActiveCfg = Debug|Any CPU
		{9D9ACAFA-85D5-4223-8DF3-C523C97938E6}.Debug|Any CPU.Build.0 = Debug|Any CPU
		{9D9ACAFA-85D5-4223-8DF3-C523C97938E6}.Release|Any CPU.ActiveCfg = Release|Any CPU
		{9D9ACAFA-85D5-4223-8DF3-C523C97938E6}.Release|Any CPU.Build.0 = Release|Any CPU
	EndGlobalSection
	GlobalSection(SolutionProperties) = preSolution
		HideSolutionNode = FALSE
	EndGlobalSection
	GlobalSection(ExtensibilityGlobals) = postSolution
		SolutionGuid = {65186C97-5350-46D0-B135-CC0559994382}
	EndGlobalSection
EndGlobal
